
Microsoft Visual Studio Solution File, Format Version 12.00
# Visual Studio Version 17
VisualStudioVersion = 17.5.33627.172
MinimumVisualStudioVersion = 10.0.40219.1
Project("{9A19103F-16F7-4668-BE54-9A1E7A4F7556}") = "Calculator.Net", "Calculator.Net\Calculator.Net.csproj", "{4897644A-60D1-4138-8985-6323CA4F877B}"
EndProject
Project("{FAE04EC0-301F-11D3-BF4B-00C04F79EFBC}") = "Calculator.Common", "Calculator.Common\Calculator.Common.csproj", "{B28B2AEB-67A8-4605-B6AA-7AB0324A0B5C}"
EndProject
Global
	GlobalSection(SolutionConfigurationPlatforms) = preSolution
		Debug|Any CPU = Debug|Any CPU
		Release|Any CPU = Release|Any CPU
	EndGlobalSection
	GlobalSection(ProjectConfigurationPlatforms) = postSolution
		{4897644A-60D1-4138-8985-6323CA4F877B}.Debug|Any CPU.ActiveCfg = Debug|Any CPU
		{4897644A-60D1-4138-8985-6323CA4F877B}.Debug|Any CPU.Build.0 = Debug|Any CPU
		{4897644A-60D1-4138-8985-6323CA4F877B}.Release|Any CPU.ActiveCfg = Release|Any CPU
		{4897644A-60D1-4138-8985-6323CA4F877B}.Release|Any CPU.Build.0 = Release|Any CPU
		{B28B2AEB-67A8-4605-B6AA-7AB0324A0B5C}.Debug|Any CPU.ActiveCfg = Debug|Any CPU
		{B28B2AEB-67A8-4605-B6AA-7AB0324A0B5C}.Debug|Any CPU.Build.0 = Debug|Any CPU
		{B28B2AEB-67A8-4605-B6AA-7AB0324A0B5C}.Release|Any CPU.ActiveCfg = Release|Any CPU
		{B28B2AEB-67A8-4605-B6AA-7AB0324A0B5C}.Release|Any CPU.Build.0 = Release|Any CPU
	EndGlobalSection
	GlobalSection(SolutionProperties) = preSolution
		HideSolutionNode = FALSE
	EndGlobalSection
	GlobalSection(ExtensibilityGlobals) = postSolution
		SolutionGuid = {A94DC682-64E4-43E9-9A3B-B4F53C575CEC}
	EndGlobalSection
EndGlobal
