
Microsoft Visual Studio Solution File, Format Version 12.00
# Visual Studio Version 17
VisualStudioVersion = 17.5.33627.172
MinimumVisualStudioVersion = 10.0.40219.1
Project("{FAE04EC0-301F-11D3-BF4B-00C04F79EFBC}") = "Calculator.Models", "Calculator.Models\Calculator.Models.csproj", "{4D0E0EE5-E337-4272-ABAE-1F84597BEB88}"
EndProject
Global
	GlobalSection(SolutionConfigurationPlatforms) = preSolution
		Debug|Any CPU = Debug|Any CPU
		Release|Any CPU = Release|Any CPU
	EndGlobalSection
	GlobalSection(ProjectConfigurationPlatforms) = postSolution
		{4D0E0EE5-E337-4272-ABAE-1F84597BEB88}.Debug|Any CPU.ActiveCfg = Debug|Any CPU
		{4D0E0EE5-E337-4272-ABAE-1F84597BEB88}.Debug|Any CPU.Build.0 = Debug|Any CPU
		{4D0E0EE5-E337-4272-ABAE-1F84597BEB88}.Release|Any CPU.ActiveCfg = Release|Any CPU
		{4D0E0EE5-E337-4272-ABAE-1F84597BEB88}.Release|Any CPU.Build.0 = Release|Any CPU
	EndGlobalSection
	GlobalSection(SolutionProperties) = preSolution
		HideSolutionNode = FALSE
	EndGlobalSection
	GlobalSection(ExtensibilityGlobals) = postSolution
		SolutionGuid = {7993028F-3B00-47B2-B7EF-2DAEB8FB8672}
	EndGlobalSection
EndGlobal
